// !$*UTF8*$!
{
	archiveVersion = 1;
	classes = {
	};
	objectVersion = 55;
	objects = {

/* Begin PBXBuildFile section */
		52565D9E28722CE700B7D17F /* AppDelegate.swift in Sources */ = {isa = PBXBuildFile; fileRef = 52565D9D28722CE700B7D17F /* AppDelegate.swift */; };
		52565DA528722CE700B7D17F /* Main.storyboard in Resources */ = {isa = PBXBuildFile; fileRef = 52565DA328722CE700B7D17F /* Main.storyboard */; };
		52565DA728722CEB00B7D17F /* Assets.xcassets in Resources */ = {isa = PBXBuildFile; fileRef = 52565DA628722CEB00B7D17F /* Assets.xcassets */; };
		52565DAA28722CEB00B7D17F /* LaunchScreen.storyboard in Resources */ = {isa = PBXBuildFile; fileRef = 52565DA828722CEB00B7D17F /* LaunchScreen.storyboard */; };
		52565DB2287389DB00B7D17F /* GameViewController.swift in Sources */ = {isa = PBXBuildFile; fileRef = 52565DB1287389DB00B7D17F /* GameViewController.swift */; };
		52565DB42873935F00B7D17F /* Game.swift in Sources */ = {isa = PBXBuildFile; fileRef = 52565DB32873935F00B7D17F /* Game.swift */; };
		52565DB6287F3AED00B7D17F /* YellowViewController.swift in Sources */ = {isa = PBXBuildFile; fileRef = 52565DB5287F3AEC00B7D17F /* YellowViewController.swift */; };
		52565DB8287F3FE600B7D17F /* BlueViewController.swift in Sources */ = {isa = PBXBuildFile; fileRef = 52565DB7287F3FE600B7D17F /* BlueViewController.swift */; };
		52565DBA2880A93C00B7D17F /* GreenViewController.swift in Sources */ = {isa = PBXBuildFile; fileRef = 52565DB92880A93C00B7D17F /* GreenViewController.swift */; };
		52D05CCC288F07E000A4B8A5 /* SelectTimeViewController.swift in Sources */ = {isa = PBXBuildFile; fileRef = 52D05CCB288F07E000A4B8A5 /* SelectTimeViewController.swift */; };
		52D05CCE288F08E400A4B8A5 /* SettingsTableTableViewController.swift in Sources */ = {isa = PBXBuildFile; fileRef = 52D05CCD288F08E400A4B8A5 /* SettingsTableTableViewController.swift */; };
		52D05CD0288F293F00A4B8A5 /* Settings.swift in Sources */ = {isa = PBXBuildFile; fileRef = 52D05CCF288F293F00A4B8A5 /* Settings.swift */; };
		52D05CD22891DA1400A4B8A5 /* RecordViewController.swift in Sources */ = {isa = PBXBuildFile; fileRef = 52D05CD12891DA1400A4B8A5 /* RecordViewController.swift */; };
/* End PBXBuildFile section */

/* Begin PBXFileReference section */
		52565D9A28722CE700B7D17F /* FindNumber.app */ = {isa = PBXFileReference; explicitFileType = wrapper.application; includeInIndex = 0; path = FindNumber.app; sourceTree = BUILT_PRODUCTS_DIR; };
		52565D9D28722CE700B7D17F /* AppDelegate.swift */ = {isa = PBXFileReference; lastKnownFileType = sourcecode.swift; path = AppDelegate.swift; sourceTree = "<group>"; };
		52565DA428722CE700B7D17F /* Base */ = {isa = PBXFileReference; lastKnownFileType = file.storyboard; name = Base; path = Base.lproj/Main.storyboard; sourceTree = "<group>"; };
		52565DA628722CEB00B7D17F /* Assets.xcassets */ = {isa = PBXFileReference; lastKnownFileType = folder.assetcatalog; path = Assets.xcassets; sourceTree = "<group>"; };
		52565DA928722CEB00B7D17F /* Base */ = {isa = PBXFileReference; lastKnownFileType = file.storyboard; name = Base; path = Base.lproj/LaunchScreen.storyboard; sourceTree = "<group>"; };
		52565DAB28722CEB00B7D17F /* Info.plist */ = {isa = PBXFileReference; lastKnownFileType = text.plist.xml; path = Info.plist; sourceTree = "<group>"; };
		52565DB1287389DB00B7D17F /* GameViewController.swift */ = {isa = PBXFileReference; lastKnownFileType = sourcecode.swift; path = GameViewController.swift; sourceTree = "<group>"; };
		52565DB32873935F00B7D17F /* Game.swift */ = {isa = PBXFileReference; lastKnownFileType = sourcecode.swift; path = Game.swift; sourceTree = "<group>"; };
		52565DB5287F3AEC00B7D17F /* YellowViewController.swift */ = {isa = PBXFileReference; lastKnownFileType = sourcecode.swift; path = YellowViewController.swift; sourceTree = "<group>"; };
		52565DB7287F3FE600B7D17F /* BlueViewController.swift */ = {isa = PBXFileReference; lastKnownFileType = sourcecode.swift; path = BlueViewController.swift; sourceTree = "<group>"; };
		52565DB92880A93C00B7D17F /* GreenViewController.swift */ = {isa = PBXFileReference; lastKnownFileType = sourcecode.swift; path = GreenViewController.swift; sourceTree = "<group>"; };
		52D05CCB288F07E000A4B8A5 /* SelectTimeViewController.swift */ = {isa = PBXFileReference; lastKnownFileType = sourcecode.swift; path = SelectTimeViewController.swift; sourceTree = "<group>"; };
		52D05CCD288F08E400A4B8A5 /* SettingsTableTableViewController.swift */ = {isa = PBXFileReference; lastKnownFileType = sourcecode.swift; path = SettingsTableTableViewController.swift; sourceTree = "<group>"; };
		52D05CCF288F293F00A4B8A5 /* Settings.swift */ = {isa = PBXFileReference; lastKnownFileType = sourcecode.swift; path = Settings.swift; sourceTree = "<group>"; };
		52D05CD12891DA1400A4B8A5 /* RecordViewController.swift */ = {isa = PBXFileReference; lastKnownFileType = sourcecode.swift; path = RecordViewController.swift; sourceTree = "<group>"; };
/* End PBXFileReference section */

/* Begin PBXFrameworksBuildPhase section */
		52565D9728722CE700B7D17F /* Frameworks */ = {
			isa = PBXFrameworksBuildPhase;
			buildActionMask = 2147483647;
			files = (
			);
			runOnlyForDeploymentPostprocessing = 0;
		};
/* End PBXFrameworksBuildPhase section */

/* Begin PBXGroup section */
		52565D9128722CE700B7D17F = {
			isa = PBXGroup;
			children = (
				52565D9C28722CE700B7D17F /* FindNumber */,
				52565D9B28722CE700B7D17F /* Products */,
			);
			sourceTree = "<group>";
		};
		52565D9B28722CE700B7D17F /* Products */ = {
			isa = PBXGroup;
			children = (
				52565D9A28722CE700B7D17F /* FindNumber.app */,
			);
			name = Products;
			sourceTree = "<group>";
		};
		52565D9C28722CE700B7D17F /* FindNumber */ = {
			isa = PBXGroup;
			children = (
				52565D9D28722CE700B7D17F /* AppDelegate.swift */,
				52565DA328722CE700B7D17F /* Main.storyboard */,
				52565DA628722CEB00B7D17F /* Assets.xcassets */,
				52565DA828722CEB00B7D17F /* LaunchScreen.storyboard */,
				52565DAB28722CEB00B7D17F /* Info.plist */,
				52565DB1287389DB00B7D17F /* GameViewController.swift */,
				52565DB32873935F00B7D17F /* Game.swift */,
				52565DB5287F3AEC00B7D17F /* YellowViewController.swift */,
				52565DB7287F3FE600B7D17F /* BlueViewController.swift */,
				52565DB92880A93C00B7D17F /* GreenViewController.swift */,
				52D05CCB288F07E000A4B8A5 /* SelectTimeViewController.swift */,
				52D05CCD288F08E400A4B8A5 /* SettingsTableTableViewController.swift */,
				52D05CCF288F293F00A4B8A5 /* Settings.swift */,
				52D05CD12891DA1400A4B8A5 /* RecordViewController.swift */,
			);
			path = FindNumber;
			sourceTree = "<group>";
		};
/* End PBXGroup section */

/* Begin PBXNativeTarget section */
		52565D9928722CE700B7D17F /* FindNumber */ = {
			isa = PBXNativeTarget;
			buildConfigurationList = 52565DAE28722CEB00B7D17F /* Build configuration list for PBXNativeTarget "FindNumber" */;
			buildPhases = (
				52565D9628722CE700B7D17F /* Sources */,
				52565D9728722CE700B7D17F /* Frameworks */,
				52565D9828722CE700B7D17F /* Resources */,
			);
			buildRules = (
			);
			dependencies = (
			);
			name = FindNumber;
			productName = FindNumber;
			productReference = 52565D9A28722CE700B7D17F /* FindNumber.app */;
			productType = "com.apple.product-type.application";
		};
/* End PBXNativeTarget section */

/* Begin PBXProject section */
		52565D9228722CE700B7D17F /* Project object */ = {
			isa = PBXProject;
			attributes = {
				BuildIndependentTargetsInParallel = 1;
				LastSwiftUpdateCheck = 1330;
				LastUpgradeCheck = 1330;
				TargetAttributes = {
					52565D9928722CE700B7D17F = {
						CreatedOnToolsVersion = 13.3.1;
					};
				};
			};
			buildConfigurationList = 52565D9528722CE700B7D17F /* Build configuration list for PBXProject "FindNumber" */;
			compatibilityVersion = "Xcode 13.0";
			developmentRegion = en;
			hasScannedForEncodings = 0;
			knownRegions = (
				en,
				Base,
			);
			mainGroup = 52565D9128722CE700B7D17F;
			productRefGroup = 52565D9B28722CE700B7D17F /* Products */;
			projectDirPath = "";
			projectRoot = "";
			targets = (
				52565D9928722CE700B7D17F /* FindNumber */,
			);
		};
/* End PBXProject section */

/* Begin PBXResourcesBuildPhase section */
		52565D9828722CE700B7D17F /* Resources */ = {
			isa = PBXResourcesBuildPhase;
			buildActionMask = 2147483647;
			files = (
				52565DAA28722CEB00B7D17F /* LaunchScreen.storyboard in Resources */,
				52565DA728722CEB00B7D17F /* Assets.xcassets in Resources */,
				52565DA528722CE700B7D17F /* Main.storyboard in Resources */,
			);
			runOnlyForDeploymentPostprocessing = 0;
		};
/* End PBXResourcesBuildPhase section */

/* Begin PBXSourcesBuildPhase section */
		52565D9628722CE700B7D17F /* Sources */ = {
			isa = PBXSourcesBuildPhase;
			buildActionMask = 2147483647;
			files = (
				52565DBA2880A93C00B7D17F /* GreenViewController.swift in Sources */,
				52D05CCE288F08E400A4B8A5 /* SettingsTableTableViewController.swift in Sources */,
				52565DB6287F3AED00B7D17F /* YellowViewController.swift in Sources */,
				52565DB2287389DB00B7D17F /* GameViewController.swift in Sources */,
				52565DB42873935F00B7D17F /* Game.swift in Sources */,
				52565DB8287F3FE600B7D17F /* BlueViewController.swift in Sources */,
				52D05CD0288F293F00A4B8A5 /* Settings.swift in Sources */,
				52D05CD22891DA1400A4B8A5 /* RecordViewController.swift in Sources */,
				52D05CCC288F07E000A4B8A5 /* SelectTimeViewController.swift in Sources */,
				52565D9E28722CE700B7D17F /* AppDelegate.swift in Sources */,
			);
			runOnlyForDeploymentPostprocessing = 0;
		};
/* End PBXSourcesBuildPhase section */

/* Begin PBXVariantGroup section */
		52565DA328722CE700B7D17F /* Main.storyboard */ = {
			isa = PBXVariantGroup;
			children = (
				52565DA428722CE700B7D17F /* Base */,
			);
			name = Main.storyboard;
			sourceTree = "<group>";
		};
		52565DA828722CEB00B7D17F /* LaunchScreen.storyboard */ = {
			isa = PBXVariantGroup;
			children = (
				52565DA928722CEB00B7D17F /* Base */,
			);
			name = LaunchScreen.storyboard;
			sourceTree = "<group>";
		};
/* End PBXVariantGroup section */

/* Begin XCBuildConfiguration section */
		52565DAC28722CEB00B7D17F /* Debug */ = {
			isa = XCBuildConfiguration;
			buildSettings = {
				ALWAYS_SEARCH_USER_PATHS = NO;
				CLANG_ANALYZER_NONNULL = YES;
				CLANG_ANALYZER_NUMBER_OBJECT_CONVERSION = YES_AGGRESSIVE;
				CLANG_CXX_LANGUAGE_STANDARD = "gnu++17";
				CLANG_ENABLE_MODULES = YES;
				CLANG_ENABLE_OBJC_ARC = YES;
				CLANG_ENABLE_OBJC_WEAK = YES;
				CLANG_WARN_BLOCK_CAPTURE_AUTORELEASING = YES;
				CLANG_WARN_BOOL_CONVERSION = YES;
				CLANG_WARN_COMMA = YES;
				CLANG_WARN_CONSTANT_CONVERSION = YES;
				CLANG_WARN_DEPRECATED_OBJC_IMPLEMENTATIONS = YES;
				CLANG_WARN_DIRECT_OBJC_ISA_USAGE = YES_ERROR;
				CLANG_WARN_DOCUMENTATION_COMMENTS = YES;
				CLANG_WARN_EMPTY_BODY = YES;
				CLANG_WARN_ENUM_CONVERSION = YES;
				CLANG_WARN_INFINITE_RECURSION = YES;
				CLANG_WARN_INT_CONVERSION = YES;
				CLANG_WARN_NON_LITERAL_NULL_CONVERSION = YES;
				CLANG_WARN_OBJC_IMPLICIT_RETAIN_SELF = YES;
				CLANG_WARN_OBJC_LITERAL_CONVERSION = YES;
				CLANG_WARN_OBJC_ROOT_CLASS = YES_ERROR;
				CLANG_WARN_QUOTED_INCLUDE_IN_FRAMEWORK_HEADER = YES;
				CLANG_WARN_RANGE_LOOP_ANALYSIS = YES;
				CLANG_WARN_STRICT_PROTOTYPES = YES;
				CLANG_WARN_SUSPICIOUS_MOVE = YES;
				CLANG_WARN_UNGUARDED_AVAILABILITY = YES_AGGRESSIVE;
				CLANG_WARN_UNREACHABLE_CODE = YES;
				CLANG_WARN__DUPLICATE_METHOD_MATCH = YES;
				COPY_PHASE_STRIP = NO;
				DEBUG_INFORMATION_FORMAT = dwarf;
				ENABLE_STRICT_OBJC_MSGSEND = YES;
				ENABLE_TESTABILITY = YES;
				GCC_C_LANGUAGE_STANDARD = gnu11;
				GCC_DYNAMIC_NO_PIC = NO;
				GCC_NO_COMMON_BLOCKS = YES;
				GCC_OPTIMIZATION_LEVEL = 0;
				GCC_PREPROCESSOR_DEFINITIONS = (
					"DEBUG=1",
					"$(inherited)",
				);
				GCC_WARN_64_TO_32_BIT_CONVERSION = YES;
				GCC_WARN_ABOUT_RETURN_TYPE = YES_ERROR;
				GCC_WARN_UNDECLARED_SELECTOR = YES;
				GCC_WARN_UNINITIALIZED_AUTOS = YES_AGGRESSIVE;
				GCC_WARN_UNUSED_FUNCTION = YES;
				GCC_WARN_UNUSED_VARIABLE = YES;
				IPHONEOS_DEPLOYMENT_TARGET = 15.4;
				MTL_ENABLE_DEBUG_INFO = INCLUDE_SOURCE;
				MTL_FAST_MATH = YES;
				ONLY_ACTIVE_ARCH = YES;
				SDKROOT = iphoneos;
				SWIFT_ACTIVE_COMPILATION_CONDITIONS = DEBUG;
				SWIFT_OPTIMIZATION_LEVEL = "-Onone";
			};
			name = Debug;
		};
		52565DAD28722CEB00B7D17F /* Release */ = {
			isa = XCBuildConfiguration;
			buildSettings = {
				ALWAYS_SEARCH_USER_PATHS = NO;
				CLANG_ANALYZER_NONNULL = YES;
				CLANG_ANALYZER_NUMBER_OBJECT_CONVERSION = YES_AGGRESSIVE;
				CLANG_CXX_LANGUAGE_STANDARD = "gnu++17";
				CLANG_ENABLE_MODULES = YES;
				CLANG_ENABLE_OBJC_ARC = YES;
				CLANG_ENABLE_OBJC_WEAK = YES;
				CLANG_WARN_BLOCK_CAPTURE_AUTORELEASING = YES;
				CLANG_WARN_BOOL_CONVERSION = YES;
				CLANG_WARN_COMMA = YES;
				CLANG_WARN_CONSTANT_CONVERSION = YES;
				CLANG_WARN_DEPRECATED_OBJC_IMPLEMENTATIONS = YES;
				CLANG_WARN_DIRECT_OBJC_ISA_USAGE = YES_ERROR;
				CLANG_WARN_DOCUMENTATION_COMMENTS = YES;
				CLANG_WARN_EMPTY_BODY = YES;
				CLANG_WARN_ENUM_CONVERSION = YES;
				CLANG_WARN_INFINITE_RECURSION = YES;
				CLANG_WARN_INT_CONVERSION = YES;
				CLANG_WARN_NON_LITERAL_NULL_CONVERSION = YES;
				CLANG_WARN_OBJC_IMPLICIT_RETAIN_SELF = YES;
				CLANG_WARN_OBJC_LITERAL_CONVERSION = YES;
				CLANG_WARN_OBJC_ROOT_CLASS = YES_ERROR;
				CLANG_WARN_QUOTED_INCLUDE_IN_FRAMEWORK_HEADER = YES;
				CLANG_WARN_RANGE_LOOP_ANALYSIS = YES;
				CLANG_WARN_STRICT_PROTOTYPES = YES;
				CLANG_WARN_SUSPICIOUS_MOVE = YES;
				CLANG_WARN_UNGUARDED_AVAILABILITY = YES_AGGRESSIVE;
				CLANG_WARN_UNREACHABLE_CODE = YES;
				CLANG_WARN__DUPLICATE_METHOD_MATCH = YES;
				COPY_PHASE_STRIP = NO;
				DEBUG_INFORMATION_FORMAT = "dwarf-with-dsym";
				ENABLE_NS_ASSERTIONS = NO;
				ENABLE_STRICT_OBJC_MSGSEND = YES;
				GCC_C_LANGUAGE_STANDARD = gnu11;
				GCC_NO_COMMON_BLOCKS = YES;
				GCC_WARN_64_TO_32_BIT_CONVERSION = YES;
				GCC_WARN_ABOUT_RETURN_TYPE = YES_ERROR;
				GCC_WARN_UNDECLARED_SELECTOR = YES;
				GCC_WARN_UNINITIALIZED_AUTOS = YES_AGGRESSIVE;
				GCC_WARN_UNUSED_FUNCTION = YES;
				GCC_WARN_UNUSED_VARIABLE = YES;
				IPHONEOS_DEPLOYMENT_TARGET = 15.4;
				MTL_ENABLE_DEBUG_INFO = NO;
				MTL_FAST_MATH = YES;
				SDKROOT = iphoneos;
				SWIFT_COMPILATION_MODE = wholemodule;
				SWIFT_OPTIMIZATION_LEVEL = "-O";
				VALIDATE_PRODUCT = YES;
			};
			name = Release;
		};
		52565DAF28722CEB00B7D17F /* Debug */ = {
			isa = XCBuildConfiguration;
			buildSettings = {
				ASSETCATALOG_COMPILER_APPICON_NAME = AppIcon;
				ASSETCATALOG_COMPILER_GLOBAL_ACCENT_COLOR_NAME = AccentColor;
				CODE_SIGN_STYLE = Automatic;
				CURRENT_PROJECT_VERSION = 1;
				DEVELOPMENT_TEAM = W9RC6KK46X;
				GENERATE_INFOPLIST_FILE = YES;
				INFOPLIST_FILE = FindNumber/Info.plist;
				INFOPLIST_KEY_CFBundleDisplayName = "Find Number";
				INFOPLIST_KEY_UIApplicationSupportsIndirectInputEvents = YES;
				INFOPLIST_KEY_UILaunchStoryboardName = LaunchScreen;
				INFOPLIST_KEY_UIMainStoryboardFile = Main;
				INFOPLIST_KEY_UISupportedInterfaceOrientations = UIInterfaceOrientationPortrait;
				INFOPLIST_KEY_UISupportedInterfaceOrientations_iPad = "UIInterfaceOrientationPortrait UIInterfaceOrientationPortraitUpsideDown UIInterfaceOrientationLandscapeLeft UIInterfaceOrientationLandscapeRight";
				INFOPLIST_KEY_UISupportedInterfaceOrientations_iPhone = "UIInterfaceOrientationPortrait UIInterfaceOrientationLandscapeLeft UIInterfaceOrientationLandscapeRight";
				IPHONEOS_DEPLOYMENT_TARGET = 11.0;
				LD_RUNPATH_SEARCH_PATHS = (
					"$(inherited)",
					"@executable_path/Frameworks",
				);
				MARKETING_VERSION = 1.0;
				PRODUCT_BUNDLE_IDENTIFIER = com.daria.FindNumber;
				PRODUCT_NAME = "$(TARGET_NAME)";
				SWIFT_EMIT_LOC_STRINGS = YES;
				SWIFT_VERSION = 5.0;
				TARGETED_DEVICE_FAMILY = "1,2";
			};
			name = Debug;
		};
		52565DB028722CEB00B7D17F /* Release */ = {
			isa = XCBuildConfiguration;
			buildSettings = {
				ASSETCATALOG_COMPILER_APPICON_NAME = AppIcon;
				ASSETCATALOG_COMPILER_GLOBAL_ACCENT_COLOR_NAME = AccentColor;
				CODE_SIGN_STYLE = Automatic;
				CURRENT_PROJECT_VERSION = 1;
				DEVELOPMENT_TEAM = W9RC6KK46X;
				GENERATE_INFOPLIST_FILE = YES;
				INFOPLIST_FILE = FindNumber/Info.plist;
				INFOPLIST_KEY_CFBundleDisplayName = "Find Number";
				INFOPLIST_KEY_UIApplicationSupportsIndirectInputEvents = YES;
				INFOPLIST_KEY_UILaunchStoryboardName = LaunchScreen;
				INFOPLIST_KEY_UIMainStoryboardFile = Main;
				INFOPLIST_KEY_UISupportedInterfaceOrientations = UIInterfaceOrientationPortrait;
				INFOPLIST_KEY_UISupportedInterfaceOrientations_iPad = "UIInterfaceOrientationPortrait UIInterfaceOrientationPortraitUpsideDown UIInterfaceOrientationLandscapeLeft UIInterfaceOrientationLandscapeRight";
				INFOPLIST_KEY_UISupportedInterfaceOrientations_iPhone = "UIInterfaceOrientationPortrait UIInterfaceOrientationLandscapeLeft UIInterfaceOrientationLandscapeRight";
				IPHONEOS_DEPLOYMENT_TARGET = 11.0;
				LD_RUNPATH_SEARCH_PATHS = (
					"$(inherited)",
					"@executable_path/Frameworks",
				);
				MARKETING_VERSION = 1.0;
				PRODUCT_BUNDLE_IDENTIFIER = com.daria.FindNumber;
				PRODUCT_NAME = "$(TARGET_NAME)";
				SWIFT_EMIT_LOC_STRINGS = YES;
				SWIFT_VERSION = 5.0;
				TARGETED_DEVICE_FAMILY = "1,2";
			};
			name = Release;
		};
/* End XCBuildConfiguration section */

/* Begin XCConfigurationList section */
		52565D9528722CE700B7D17F /* Build configuration list for PBXProject "FindNumber" */ = {
			isa = XCConfigurationList;
			buildConfigurations = (
				52565DAC28722CEB00B7D17F /* Debug */,
				52565DAD28722CEB00B7D17F /* Release */,
			);
			defaultConfigurationIsVisible = 0;
			defaultConfigurationName = Release;
		};
		52565DAE28722CEB00B7D17F /* Build configuration list for PBXNativeTarget "FindNumber" */ = {
			isa = XCConfigurationList;
			buildConfigurations = (
				52565DAF28722CEB00B7D17F /* Debug */,
				52565DB028722CEB00B7D17F /* Release */,
			);
			defaultConfigurationIsVisible = 0;
			defaultConfigurationName = Release;
		};
/* End XCConfigurationList section */
	};
	rootObject = 52565D9228722CE700B7D17F /* Project object */;
}
